// !$*UTF8*$!
{
	archiveVersion = 1;
	classes = {
	};
	objectVersion = 48;
	objects = {

/* Begin PBXBuildFile section */
		730959997C951E22103929B5 /* Pods_TestDemo.framework in Frameworks */ = {isa = PBXBuildFile; fileRef = 25F996F35C70F781D25F7D72 /* Pods_TestDemo.framework */; };
		E745E5C9202D707D000D5D14 /* AppDelegate.swift in Sources */ = {isa = PBXBuildFile; fileRef = E745E5C8202D707D000D5D14 /* AppDelegate.swift */; };
		E745E5CB202D707D000D5D14 /* ViewController.swift in Sources */ = {isa = PBXBuildFile; fileRef = E745E5CA202D707D000D5D14 /* ViewController.swift */; };
		E745E5CE202D707D000D5D14 /* Main.storyboard in Resources */ = {isa = PBXBuildFile; fileRef = E745E5CC202D707D000D5D14 /* Main.storyboard */; };
		E745E5D0202D707D000D5D14 /* Assets.xcassets in Resources */ = {isa = PBXBuildFile; fileRef = E745E5CF202D707D000D5D14 /* Assets.xcassets */; };
		E745E5D3202D707D000D5D14 /* LaunchScreen.storyboard in Resources */ = {isa = PBXBuildFile; fileRef = E745E5D1202D707D000D5D14 /* LaunchScreen.storyboard */; };
/* End PBXBuildFile section */

/* Begin PBXFileReference section */
		25F996F35C70F781D25F7D72 /* Pods_TestDemo.framework */ = {isa = PBXFileReference; explicitFileType = wrapper.framework; includeInIndex = 0; path = Pods_TestDemo.framework; sourceTree = BUILT_PRODUCTS_DIR; };
		56052674F9EF780FDFD8BF4F /* Pods-TestDemo.debug.xcconfig */ = {isa = PBXFileReference; includeInIndex = 1; lastKnownFileType = text.xcconfig; name = "Pods-TestDemo.debug.xcconfig"; path = "Pods/Target Support Files/Pods-TestDemo/Pods-TestDemo.debug.xcconfig"; sourceTree = "<group>"; };
		E745E5C5202D707D000D5D14 /* TestDemo.app */ = {isa = PBXFileReference; explicitFileType = wrapper.application; includeInIndex = 0; path = TestDemo.app; sourceTree = BUILT_PRODUCTS_DIR; };
		E745E5C8202D707D000D5D14 /* AppDelegate.swift */ = {isa = PBXFileReference; lastKnownFileType = sourcecode.swift; path = AppDelegate.swift; sourceTree = "<group>"; };
		E745E5CA202D707D000D5D14 /* ViewController.swift */ = {isa = PBXFileReference; lastKnownFileType = sourcecode.swift; path = ViewController.swift; sourceTree = "<group>"; };
		E745E5CD202D707D000D5D14 /* Base */ = {isa = PBXFileReference; lastKnownFileType = file.storyboard; name = Base; path = Base.lproj/Main.storyboard; sourceTree = "<group>"; };
		E745E5CF202D707D000D5D14 /* Assets.xcassets */ = {isa = PBXFileReference; lastKnownFileType = folder.assetcatalog; path = Assets.xcassets; sourceTree = "<group>"; };
		E745E5D2202D707D000D5D14 /* Base */ = {isa = PBXFileReference; lastKnownFileType = file.storyboard; name = Base; path = Base.lproj/LaunchScreen.storyboard; sourceTree = "<group>"; };
		E745E5D4202D707D000D5D14 /* Info.plist */ = {isa = PBXFileReference; lastKnownFileType = text.plist.xml; path = Info.plist; sourceTree = "<group>"; };
		F044684D401127BB8335728D /* Pods-TestDemo.release.xcconfig */ = {isa = PBXFileReference; includeInIndex = 1; lastKnownFileType = text.xcconfig; name = "Pods-TestDemo.release.xcconfig"; path = "Pods/Target Support Files/Pods-TestDemo/Pods-TestDemo.release.xcconfig"; sourceTree = "<group>"; };
/* End PBXFileReference section */

/* Begin PBXFrameworksBuildPhase section */
		E745E5C2202D707D000D5D14 /* Frameworks */ = {
			isa = PBXFrameworksBuildPhase;
			buildActionMask = 2147483647;
			files = (
				730959997C951E22103929B5 /* Pods_TestDemo.framework in Frameworks */,
			);
			runOnlyForDeploymentPostprocessing = 0;
		};
/* End PBXFrameworksBuildPhase section */

/* Begin PBXGroup section */
		9065BF3BD7EB1DE74AC8D9A1 /* Frameworks */ = {
			isa = PBXGroup;
			children = (
				25F996F35C70F781D25F7D72 /* Pods_TestDemo.framework */,
			);
			name = Frameworks;
			sourceTree = "<group>";
		};
		E738BD0C906D4DB3E2845707 /* Pods */ = {
			isa = PBXGroup;
			children = (
				56052674F9EF780FDFD8BF4F /* Pods-TestDemo.debug.xcconfig */,
				F044684D401127BB8335728D /* Pods-TestDemo.release.xcconfig */,
			);
			name = Pods;
			sourceTree = "<group>";
		};
		E745E5BC202D707D000D5D14 = {
			isa = PBXGroup;
			children = (
				E745E5C7202D707D000D5D14 /* TestDemo */,
				E745E5C6202D707D000D5D14 /* Products */,
				E738BD0C906D4DB3E2845707 /* Pods */,
				9065BF3BD7EB1DE74AC8D9A1 /* Frameworks */,
			);
			sourceTree = "<group>";
		};
		E745E5C6202D707D000D5D14 /* Products */ = {
			isa = PBXGroup;
			children = (
				E745E5C5202D707D000D5D14 /* TestDemo.app */,
			);
			name = Products;
			sourceTree = "<group>";
		};
		E745E5C7202D707D000D5D14 /* TestDemo */ = {
			isa = PBXGroup;
			children = (
				E745E5C8202D707D000D5D14 /* AppDelegate.swift */,
				E745E5CA202D707D000D5D14 /* ViewController.swift */,
				E745E5CC202D707D000D5D14 /* Main.storyboard */,
				E745E5CF202D707D000D5D14 /* Assets.xcassets */,
				E745E5D1202D707D000D5D14 /* LaunchScreen.storyboard */,
				E745E5D4202D707D000D5D14 /* Info.plist */,
			);
			path = TestDemo;
			sourceTree = "<group>";
		};
/* End PBXGroup section */

/* Begin PBXNativeTarget section */
		E745E5C4202D707D000D5D14 /* TestDemo */ = {
			isa = PBXNativeTarget;
			buildConfigurationList = E745E5D7202D707D000D5D14 /* Build configuration list for PBXNativeTarget "TestDemo" */;
			buildPhases = (
				F6A1422029AA156BEDFD3BA2 /* [CP] Check Pods Manifest.lock */,
				E745E5C1202D707D000D5D14 /* Sources */,
				E745E5C2202D707D000D5D14 /* Frameworks */,
				E745E5C3202D707D000D5D14 /* Resources */,
				333BB01EDD17BE8A29D98198 /* [CP] Embed Pods Frameworks */,
				766B1A8B81FF49CC09487690 /* [CP] Copy Pods Resources */,
			);
			buildRules = (
			);
			dependencies = (
			);
			name = TestDemo;
			productName = TestDemo;
			productReference = E745E5C5202D707D000D5D14 /* TestDemo.app */;
			productType = "com.apple.product-type.application";
		};
/* End PBXNativeTarget section */

/* Begin PBXProject section */
		E745E5BD202D707D000D5D14 /* Project object */ = {
			isa = PBXProject;
			attributes = {
				LastSwiftUpdateCheck = 0920;
				LastUpgradeCheck = 0920;
				ORGANIZATIONNAME = Vishal;
				TargetAttributes = {
					E745E5C4202D707D000D5D14 = {
						CreatedOnToolsVersion = 9.2;
						ProvisioningStyle = Manual;
					};
				};
			};
			buildConfigurationList = E745E5C0202D707D000D5D14 /* Build configuration list for PBXProject "TestDemo" */;
			compatibilityVersion = "Xcode 8.0";
			developmentRegion = en;
			hasScannedForEncodings = 0;
			knownRegions = (
				en,
				Base,
			);
			mainGroup = E745E5BC202D707D000D5D14;
			productRefGroup = E745E5C6202D707D000D5D14 /* Products */;
			projectDirPath = "";
			projectRoot = "";
			targets = (
				E745E5C4202D707D000D5D14 /* TestDemo */,
			);
		};
/* End PBXProject section */

/* Begin PBXResourcesBuildPhase section */
		E745E5C3202D707D000D5D14 /* Resources */ = {
			isa = PBXResourcesBuildPhase;
			buildActionMask = 2147483647;
			files = (
				E745E5D3202D707D000D5D14 /* LaunchScreen.storyboard in Resources */,
				E745E5D0202D707D000D5D14 /* Assets.xcassets in Resources */,
				E745E5CE202D707D000D5D14 /* Main.storyboard in Resources */,
			);
			runOnlyForDeploymentPostprocessing = 0;
		};
/* End PBXResourcesBuildPhase section */

/* Begin PBXShellScriptBuildPhase section */
		333BB01EDD17BE8A29D98198 /* [CP] Embed Pods Frameworks */ = {
			isa = PBXShellScriptBuildPhase;
			buildActionMask = 2147483647;
			files = (
			);
			inputPaths = (
			);
			name = "[CP] Embed Pods Frameworks";
			outputPaths = (
			);
			runOnlyForDeploymentPostprocessing = 0;
			shellPath = /bin/sh;
			shellScript = "\"${SRCROOT}/Pods/Target Support Files/Pods-TestDemo/Pods-TestDemo-frameworks.sh\"\n";
			showEnvVarsInLog = 0;
		};
		766B1A8B81FF49CC09487690 /* [CP] Copy Pods Resources */ = {
			isa = PBXShellScriptBuildPhase;
			buildActionMask = 2147483647;
			files = (
			);
			inputPaths = (
			);
			name = "[CP] Copy Pods Resources";
			outputPaths = (
			);
			runOnlyForDeploymentPostprocessing = 0;
			shellPath = /bin/sh;
			shellScript = "\"${SRCROOT}/Pods/Target Support Files/Pods-TestDemo/Pods-TestDemo-resources.sh\"\n";
			showEnvVarsInLog = 0;
		};
		F6A1422029AA156BEDFD3BA2 /* [CP] Check Pods Manifest.lock */ = {
			isa = PBXShellScriptBuildPhase;
			buildActionMask = 2147483647;
			files = (
			);
			inputPaths = (
				"${PODS_PODFILE_DIR_PATH}/Podfile.lock",
				"${PODS_ROOT}/Manifest.lock",
			);
			name = "[CP] Check Pods Manifest.lock";
			outputPaths = (
				"$(DERIVED_FILE_DIR)/Pods-TestDemo-checkManifestLockResult.txt",
			);
			runOnlyForDeploymentPostprocessing = 0;
			shellPath = /bin/sh;
			shellScript = "diff \"${PODS_PODFILE_DIR_PATH}/Podfile.lock\" \"${PODS_ROOT}/Manifest.lock\" > /dev/null\nif [ $? != 0 ] ; then\n    # print error to STDERR\n    echo \"error: The sandbox is not in sync with the Podfile.lock. Run 'pod install' or update your CocoaPods installation.\" >&2\n    exit 1\nfi\n# This output is used by Xcode 'outputs' to avoid re-running this script phase.\necho \"SUCCESS\" > \"${SCRIPT_OUTPUT_FILE_0}\"\n";
			showEnvVarsInLog = 0;
		};
/* End PBXShellScriptBuildPhase section */

/* Begin PBXSourcesBuildPhase section */
		E745E5C1202D707D000D5D14 /* Sources */ = {
			isa = PBXSourcesBuildPhase;
			buildActionMask = 2147483647;
			files = (
				E745E5CB202D707D000D5D14 /* ViewController.swift in Sources */,
				E745E5C9202D707D000D5D14 /* AppDelegate.swift in Sources */,
			);
			runOnlyForDeploymentPostprocessing = 0;
		};
/* End PBXSourcesBuildPhase section */

/* Begin PBXVariantGroup section */
		E745E5CC202D707D000D5D14 /* Main.storyboard */ = {
			isa = PBXVariantGroup;
			children = (
				E745E5CD202D707D000D5D14 /* Base */,
			);
			name = Main.storyboard;
			sourceTree = "<group>";
		};
		E745E5D1202D707D000D5D14 /* LaunchScreen.storyboard */ = {
			isa = PBXVariantGroup;
			children = (
				E745E5D2202D707D000D5D14 /* Base */,
			);
			name = LaunchScreen.storyboard;
			sourceTree = "<group>";
		};
/* End PBXVariantGroup section */

/* Begin XCBuildConfiguration section */
		E745E5D5202D707D000D5D14 /* Debug */ = {
			isa = XCBuildConfiguration;
			buildSettings = {
				ALWAYS_SEARCH_USER_PATHS = NO;
				CLANG_ANALYZER_NONNULL = YES;
				CLANG_ANALYZER_NUMBER_OBJECT_CONVERSION = YES_AGGRESSIVE;
				CLANG_CXX_LANGUAGE_STANDARD = "gnu++14";
				CLANG_CXX_LIBRARY = "libc++";
				CLANG_ENABLE_MODULES = YES;
				CLANG_ENABLE_OBJC_ARC = YES;
				CLANG_WARN_BLOCK_CAPTURE_AUTORELEASING = YES;
				CLANG_WARN_BOOL_CONVERSION = YES;
				CLANG_WARN_COMMA = YES;
				CLANG_WARN_CONSTANT_CONVERSION = YES;
				CLANG_WARN_DIRECT_OBJC_ISA_USAGE = YES_ERROR;
				CLANG_WARN_DOCUMENTATION_COMMENTS = YES;
				CLANG_WARN_EMPTY_BODY = YES;
				CLANG_WARN_ENUM_CONVERSION = YES;
				CLANG_WARN_INFINITE_RECURSION = YES;
				CLANG_WARN_INT_CONVERSION = YES;
				CLANG_WARN_NON_LITERAL_NULL_CONVERSION = YES;
				CLANG_WARN_OBJC_LITERAL_CONVERSION = YES;
				CLANG_WARN_OBJC_ROOT_CLASS = YES_ERROR;
				CLANG_WARN_RANGE_LOOP_ANALYSIS = YES;
				CLANG_WARN_STRICT_PROTOTYPES = YES;
				CLANG_WARN_SUSPICIOUS_MOVE = YES;
				CLANG_WARN_UNGUARDED_AVAILABILITY = YES_AGGRESSIVE;
				CLANG_WARN_UNREACHABLE_CODE = YES;
				CLANG_WARN__DUPLICATE_METHOD_MATCH = YES;
				CODE_SIGN_IDENTITY = "iPhone Developer";
				COPY_PHASE_STRIP = NO;
				DEBUG_INFORMATION_FORMAT = dwarf;
				ENABLE_STRICT_OBJC_MSGSEND = YES;
				ENABLE_TESTABILITY = YES;
				GCC_C_LANGUAGE_STANDARD = gnu11;
				GCC_DYNAMIC_NO_PIC = NO;
				GCC_NO_COMMON_BLOCKS = YES;
				GCC_OPTIMIZATION_LEVEL = 0;
				GCC_PREPROCESSOR_DEFINITIONS = (
					"DEBUG=1",
					"$(inherited)",
				);
				GCC_WARN_64_TO_32_BIT_CONVERSION = YES;
				GCC_WARN_ABOUT_RETURN_TYPE = YES_ERROR;
				GCC_WARN_UNDECLARED_SELECTOR = YES;
				GCC_WARN_UNINITIALIZED_AUTOS = YES_AGGRESSIVE;
				GCC_WARN_UNUSED_FUNCTION = YES;
				GCC_WARN_UNUSED_VARIABLE = YES;
				IPHONEOS_DEPLOYMENT_TARGET = 11.2;
				MTL_ENABLE_DEBUG_INFO = YES;
				ONLY_ACTIVE_ARCH = YES;
				SDKROOT = iphoneos;
				SWIFT_ACTIVE_COMPILATION_CONDITIONS = DEBUG;
				SWIFT_OPTIMIZATION_LEVEL = "-Onone";
			};
			name = Debug;
		};
		E745E5D6202D707D000D5D14 /* Release */ = {
			isa = XCBuildConfiguration;
			buildSettings = {
				ALWAYS_SEARCH_USER_PATHS = NO;
				CLANG_ANALYZER_NONNULL = YES;
				CLANG_ANALYZER_NUMBER_OBJECT_CONVERSION = YES_AGGRESSIVE;
				CLANG_CXX_LANGUAGE_STANDARD = "gnu++14";
				CLANG_CXX_LIBRARY = "libc++";
				CLANG_ENABLE_MODULES = YES;
				CLANG_ENABLE_OBJC_ARC = YES;
				CLANG_WARN_BLOCK_CAPTURE_AUTORELEASING = YES;
				CLANG_WARN_BOOL_CONVERSION = YES;
				CLANG_WARN_COMMA = YES;
				CLANG_WARN_CONSTANT_CONVERSION = YES;
				CLANG_WARN_DIRECT_OBJC_ISA_USAGE = YES_ERROR;
				CLANG_WARN_DOCUMENTATION_COMMENTS = YES;
				CLANG_WARN_EMPTY_BODY = YES;
				CLANG_WARN_ENUM_CONVERSION = YES;
				CLANG_WARN_INFINITE_RECURSION = YES;
				CLANG_WARN_INT_CONVERSION = YES;
				CLANG_WARN_NON_LITERAL_NULL_CONVERSION = YES;
				CLANG_WARN_OBJC_LITERAL_CONVERSION = YES;
				CLANG_WARN_OBJC_ROOT_CLASS = YES_ERROR;
				CLANG_WARN_RANGE_LOOP_ANALYSIS = YES;
				CLANG_WARN_STRICT_PROTOTYPES = YES;
				CLANG_WARN_SUSPICIOUS_MOVE = YES;
				CLANG_WARN_UNGUARDED_AVAILABILITY = YES_AGGRESSIVE;
				CLANG_WARN_UNREACHABLE_CODE = YES;
				CLANG_WARN__DUPLICATE_METHOD_MATCH = YES;
				CODE_SIGN_IDENTITY = "iPhone Developer";
				COPY_PHASE_STRIP = NO;
				DEBUG_INFORMATION_FORMAT = "dwarf-with-dsym";
				ENABLE_NS_ASSERTIONS = NO;
				ENABLE_STRICT_OBJC_MSGSEND = YES;
				GCC_C_LANGUAGE_STANDARD = gnu11;
				GCC_NO_COMMON_BLOCKS = YES;
				GCC_WARN_64_TO_32_BIT_CONVERSION = YES;
				GCC_WARN_ABOUT_RETURN_TYPE = YES_ERROR;
				GCC_WARN_UNDECLARED_SELECTOR = YES;
				GCC_WARN_UNINITIALIZED_AUTOS = YES_AGGRESSIVE;
				GCC_WARN_UNUSED_FUNCTION = YES;
				GCC_WARN_UNUSED_VARIABLE = YES;
				IPHONEOS_DEPLOYMENT_TARGET = 11.2;
				MTL_ENABLE_DEBUG_INFO = NO;
				SDKROOT = iphoneos;
				SWIFT_OPTIMIZATION_LEVEL = "-Owholemodule";
				VALIDATE_PRODUCT = YES;
			};
			name = Release;
		};
		E745E5D8202D707D000D5D14 /* Debug */ = {
			isa = XCBuildConfiguration;
			baseConfigurationReference = 56052674F9EF780FDFD8BF4F /* Pods-TestDemo.debug.xcconfig */;
			buildSettings = {
				ASSETCATALOG_COMPILER_APPICON_NAME = AppIcon;
				CODE_SIGN_STYLE = Manual;
				DEVELOPMENT_TEAM = "";
				INFOPLIST_FILE = TestDemo/Info.plist;
				LD_RUNPATH_SEARCH_PATHS = "$(inherited) @executable_path/Frameworks";
				PRODUCT_BUNDLE_IDENTIFIER = com.apps.TestDemo;
				PRODUCT_NAME = "$(TARGET_NAME)";
				PROVISIONING_PROFILE_SPECIFIER = "";
				SWIFT_VERSION = 4.0;
				TARGETED_DEVICE_FAMILY = "1,2";
			};
			name = Debug;
		};
		E745E5D9202D707D000D5D14 /* Release */ = {
			isa = XCBuildConfiguration;
			baseConfigurationReference = F044684D401127BB8335728D /* Pods-TestDemo.release.xcconfig */;
			buildSettings = {
				ASSETCATALOG_COMPILER_APPICON_NAME = AppIcon;
				CODE_SIGN_STYLE = Manual;
				DEVELOPMENT_TEAM = "";
				INFOPLIST_FILE = TestDemo/Info.plist;
				LD_RUNPATH_SEARCH_PATHS = "$(inherited) @executable_path/Frameworks";
				PRODUCT_BUNDLE_IDENTIFIER = com.apps.TestDemo;
				PRODUCT_NAME = "$(TARGET_NAME)";
				PROVISIONING_PROFILE_SPECIFIER = "";
				SWIFT_VERSION = 4.0;
				TARGETED_DEVICE_FAMILY = "1,2";
			};
			name = Release;
		};
/* End XCBuildConfiguration section */

/* Begin XCConfigurationList section */
		E745E5C0202D707D000D5D14 /* Build configuration list for PBXProject "TestDemo" */ = {
			isa = XCConfigurationList;
			buildConfigurations = (
				E745E5D5202D707D000D5D14 /* Debug */,
				E745E5D6202D707D000D5D14 /* Release */,
			);
			defaultConfigurationIsVisible = 0;
			defaultConfigurationName = Release;
		};
		E745E5D7202D707D000D5D14 /* Build configuration list for PBXNativeTarget "TestDemo" */ = {
			isa = XCConfigurationList;
			buildConfigurations = (
				E745E5D8202D707D000D5D14 /* Debug */,
				E745E5D9202D707D000D5D14 /* Release */,
			);
			defaultConfigurationIsVisible = 0;
			defaultConfigurationName = Release;
		};
/* End XCConfigurationList section */
	};
	rootObject = E745E5BD202D707D000D5D14 /* Project object */;
}
